// !$*UTF8*$!
{
	archiveVersion = 1;
	classes = {
	};
	objectVersion = 51;
	objects = {

/* Begin PBXBuildFile section */
		010B6504D89E50B92D22EEB3 /* Pods_Shitpost.framework in Frameworks */ = {isa = PBXBuildFile; fileRef = 640340F7A7D7328FF01F12D1 /* Pods_Shitpost.framework */; };
		7301A61324E11947002E9D64 /* AppDelegate.swift in Sources */ = {isa = PBXBuildFile; fileRef = 7301A61224E11947002E9D64 /* AppDelegate.swift */; };
		7301A61524E11947002E9D64 /* SceneDelegate.swift in Sources */ = {isa = PBXBuildFile; fileRef = 7301A61424E11947002E9D64 /* SceneDelegate.swift */; };
		7301A61724E11947002E9D64 /* AuthViewController.swift in Sources */ = {isa = PBXBuildFile; fileRef = 7301A61624E11947002E9D64 /* AuthViewController.swift */; };
		7301A61C24E1194C002E9D64 /* Assets.xcassets in Resources */ = {isa = PBXBuildFile; fileRef = 7301A61B24E1194C002E9D64 /* Assets.xcassets */; };
		7301A61F24E1194C002E9D64 /* LaunchScreen.storyboard in Resources */ = {isa = PBXBuildFile; fileRef = 7301A61D24E1194C002E9D64 /* LaunchScreen.storyboard */; };
		7301A62A24E1194C002E9D64 /* ShitpostTests.swift in Sources */ = {isa = PBXBuildFile; fileRef = 7301A62924E1194C002E9D64 /* ShitpostTests.swift */; };
		7309AEDB24E1501700E2BF3A /* KeyboardObservingControllerProtocol.swift in Sources */ = {isa = PBXBuildFile; fileRef = 7309AEDA24E1501700E2BF3A /* KeyboardObservingControllerProtocol.swift */; };
		7309AEDD24E16D1C00E2BF3A /* AuthViewInput.swift in Sources */ = {isa = PBXBuildFile; fileRef = 7309AEDC24E16D1C00E2BF3A /* AuthViewInput.swift */; };
		7309AEDF24E16D8300E2BF3A /* AuthInteractorInput.swift in Sources */ = {isa = PBXBuildFile; fileRef = 7309AEDE24E16D8300E2BF3A /* AuthInteractorInput.swift */; };
		7309AEE124E16D9000E2BF3A /* LoginRequest.swift in Sources */ = {isa = PBXBuildFile; fileRef = 7309AEE024E16D9000E2BF3A /* LoginRequest.swift */; };
		7309AEE324E16DD500E2BF3A /* AuthInteractor.swift in Sources */ = {isa = PBXBuildFile; fileRef = 7309AEE224E16DD500E2BF3A /* AuthInteractor.swift */; };
		7309AEE524E16F9B00E2BF3A /* AuthPresenterInput.swift in Sources */ = {isa = PBXBuildFile; fileRef = 7309AEE424E16F9B00E2BF3A /* AuthPresenterInput.swift */; };
		7309AEE724E1700200E2BF3A /* LoginResponse.swift in Sources */ = {isa = PBXBuildFile; fileRef = 7309AEE624E1700200E2BF3A /* LoginResponse.swift */; };
		7309AEE924E1701500E2BF3A /* UserViewModel.swift in Sources */ = {isa = PBXBuildFile; fileRef = 7309AEE824E1701500E2BF3A /* UserViewModel.swift */; };
		7309AEEB24E1709400E2BF3A /* AuthPresenter.swift in Sources */ = {isa = PBXBuildFile; fileRef = 7309AEEA24E1709400E2BF3A /* AuthPresenter.swift */; };
		73B572B624E13159004A69D3 /* Localizable.strings in Resources */ = {isa = PBXBuildFile; fileRef = 73B572B524E13159004A69D3 /* Localizable.strings */; };
		73B572B924E131C2004A69D3 /* Texts.swift in Sources */ = {isa = PBXBuildFile; fileRef = 73B572B824E131C2004A69D3 /* Texts.swift */; };
		73B572BC24E13DAA004A69D3 /* Images.swift in Sources */ = {isa = PBXBuildFile; fileRef = 73B572BB24E13DAA004A69D3 /* Images.swift */; };
		73B572C724E14321004A69D3 /* UIViewController+Extension.swift in Sources */ = {isa = PBXBuildFile; fileRef = 73B572C624E14320004A69D3 /* UIViewController+Extension.swift */; };
		73C671BC24E12A1D00ACD1BF /* GoogleService-Info.plist in Resources */ = {isa = PBXBuildFile; fileRef = 73C671BB24E12A1D00ACD1BF /* GoogleService-Info.plist */; };
		73CC2B5624E1494F005009F0 /* InputStyles.swift in Sources */ = {isa = PBXBuildFile; fileRef = 73CC2B5524E1494F005009F0 /* InputStyles.swift */; };
		73D0969624E2912400C0CBEA /* AuthAssembly.swift in Sources */ = {isa = PBXBuildFile; fileRef = 73D0969524E2912400C0CBEA /* AuthAssembly.swift */; };
		73D0969924E294FD00C0CBEA /* Fonts.swift in Sources */ = {isa = PBXBuildFile; fileRef = 73D0969824E294FD00C0CBEA /* Fonts.swift */; };
		73D0969E24E29B7300C0CBEA /* AuthServiceProtocol.swift in Sources */ = {isa = PBXBuildFile; fileRef = 73D0969D24E29B7300C0CBEA /* AuthServiceProtocol.swift */; };
		73D096A124E29B9600C0CBEA /* User.swift in Sources */ = {isa = PBXBuildFile; fileRef = 73D096A024E29B9600C0CBEA /* User.swift */; };
		73D096A324E29C2700C0CBEA /* AuthService.swift in Sources */ = {isa = PBXBuildFile; fileRef = 73D096A224E29C2700C0CBEA /* AuthService.swift */; };
		73D096A924E2AC8200C0CBEA /* AuthFormView.swift in Sources */ = {isa = PBXBuildFile; fileRef = 73D096A824E2AC8200C0CBEA /* AuthFormView.swift */; };
		73D096AB24E2AE5A00C0CBEA /* AuthFormViewDelegate.swift in Sources */ = {isa = PBXBuildFile; fileRef = 73D096AA24E2AE5A00C0CBEA /* AuthFormViewDelegate.swift */; };
		73D096AE24E2C2F900C0CBEA /* Identifiers.swift in Sources */ = {isa = PBXBuildFile; fileRef = 73D096AD24E2C2F900C0CBEA /* Identifiers.swift */; };
		73D096B024E2C3DF00C0CBEA /* SignupViewController.swift in Sources */ = {isa = PBXBuildFile; fileRef = 73D096AF24E2C3DF00C0CBEA /* SignupViewController.swift */; };
		86A398AB869511D330113DE2 /* Pods_ShitpostTests.framework in Frameworks */ = {isa = PBXBuildFile; fileRef = 31C2C4B906EEB41FFF3404A1 /* Pods_ShitpostTests.framework */; };
/* End PBXBuildFile section */

/* Begin PBXContainerItemProxy section */
		7301A62624E1194C002E9D64 /* PBXContainerItemProxy */ = {
			isa = PBXContainerItemProxy;
			containerPortal = 7301A60724E11947002E9D64 /* Project object */;
			proxyType = 1;
			remoteGlobalIDString = 7301A60E24E11947002E9D64;
			remoteInfo = Shitpost;
		};
/* End PBXContainerItemProxy section */

/* Begin PBXFileReference section */
		2CF8801D4DCE645BFC33F13E /* Pods-Shitpost.debug.xcconfig */ = {isa = PBXFileReference; includeInIndex = 1; lastKnownFileType = text.xcconfig; name = "Pods-Shitpost.debug.xcconfig"; path = "Target Support Files/Pods-Shitpost/Pods-Shitpost.debug.xcconfig"; sourceTree = "<group>"; };
		31C2C4B906EEB41FFF3404A1 /* Pods_ShitpostTests.framework */ = {isa = PBXFileReference; explicitFileType = wrapper.framework; includeInIndex = 0; path = Pods_ShitpostTests.framework; sourceTree = BUILT_PRODUCTS_DIR; };
		640340F7A7D7328FF01F12D1 /* Pods_Shitpost.framework */ = {isa = PBXFileReference; explicitFileType = wrapper.framework; includeInIndex = 0; path = Pods_Shitpost.framework; sourceTree = BUILT_PRODUCTS_DIR; };
		72D9B632DB54F94119F71992 /* Pods-ShitpostTests.release.xcconfig */ = {isa = PBXFileReference; includeInIndex = 1; lastKnownFileType = text.xcconfig; name = "Pods-ShitpostTests.release.xcconfig"; path = "Target Support Files/Pods-ShitpostTests/Pods-ShitpostTests.release.xcconfig"; sourceTree = "<group>"; };
		7301A60F24E11947002E9D64 /* Shitpost.app */ = {isa = PBXFileReference; explicitFileType = wrapper.application; includeInIndex = 0; path = Shitpost.app; sourceTree = BUILT_PRODUCTS_DIR; };
		7301A61224E11947002E9D64 /* AppDelegate.swift */ = {isa = PBXFileReference; lastKnownFileType = sourcecode.swift; path = AppDelegate.swift; sourceTree = "<group>"; };
		7301A61424E11947002E9D64 /* SceneDelegate.swift */ = {isa = PBXFileReference; lastKnownFileType = sourcecode.swift; path = SceneDelegate.swift; sourceTree = "<group>"; };
		7301A61624E11947002E9D64 /* AuthViewController.swift */ = {isa = PBXFileReference; lastKnownFileType = sourcecode.swift; path = AuthViewController.swift; sourceTree = "<group>"; };
		7301A61B24E1194C002E9D64 /* Assets.xcassets */ = {isa = PBXFileReference; lastKnownFileType = folder.assetcatalog; path = Assets.xcassets; sourceTree = "<group>"; };
		7301A61E24E1194C002E9D64 /* Base */ = {isa = PBXFileReference; lastKnownFileType = file.storyboard; name = Base; path = Base.lproj/LaunchScreen.storyboard; sourceTree = "<group>"; };
		7301A62024E1194C002E9D64 /* Info.plist */ = {isa = PBXFileReference; lastKnownFileType = text.plist.xml; path = Info.plist; sourceTree = "<group>"; };
		7301A62524E1194C002E9D64 /* ShitpostTests.xctest */ = {isa = PBXFileReference; explicitFileType = wrapper.cfbundle; includeInIndex = 0; path = ShitpostTests.xctest; sourceTree = BUILT_PRODUCTS_DIR; };
		7301A62924E1194C002E9D64 /* ShitpostTests.swift */ = {isa = PBXFileReference; lastKnownFileType = sourcecode.swift; path = ShitpostTests.swift; sourceTree = "<group>"; };
		7301A62B24E1194C002E9D64 /* Info.plist */ = {isa = PBXFileReference; lastKnownFileType = text.plist.xml; path = Info.plist; sourceTree = "<group>"; };
		7309AEDA24E1501700E2BF3A /* KeyboardObservingControllerProtocol.swift */ = {isa = PBXFileReference; lastKnownFileType = sourcecode.swift; path = KeyboardObservingControllerProtocol.swift; sourceTree = "<group>"; };
		7309AEDC24E16D1C00E2BF3A /* AuthViewInput.swift */ = {isa = PBXFileReference; lastKnownFileType = sourcecode.swift; path = AuthViewInput.swift; sourceTree = "<group>"; };
		7309AEDE24E16D8300E2BF3A /* AuthInteractorInput.swift */ = {isa = PBXFileReference; lastKnownFileType = sourcecode.swift; path = AuthInteractorInput.swift; sourceTree = "<group>"; };
		7309AEE024E16D9000E2BF3A /* LoginRequest.swift */ = {isa = PBXFileReference; lastKnownFileType = sourcecode.swift; path = LoginRequest.swift; sourceTree = "<group>"; };
		7309AEE224E16DD500E2BF3A /* AuthInteractor.swift */ = {isa = PBXFileReference; lastKnownFileType = sourcecode.swift; path = AuthInteractor.swift; sourceTree = "<group>"; };
		7309AEE424E16F9B00E2BF3A /* AuthPresenterInput.swift */ = {isa = PBXFileReference; lastKnownFileType = sourcecode.swift; path = AuthPresenterInput.swift; sourceTree = "<group>"; };
		7309AEE624E1700200E2BF3A /* LoginResponse.swift */ = {isa = PBXFileReference; lastKnownFileType = sourcecode.swift; path = LoginResponse.swift; sourceTree = "<group>"; };
		7309AEE824E1701500E2BF3A /* UserViewModel.swift */ = {isa = PBXFileReference; lastKnownFileType = sourcecode.swift; path = UserViewModel.swift; sourceTree = "<group>"; };
		7309AEEA24E1709400E2BF3A /* AuthPresenter.swift */ = {isa = PBXFileReference; lastKnownFileType = sourcecode.swift; path = AuthPresenter.swift; sourceTree = "<group>"; };
		73B572B524E13159004A69D3 /* Localizable.strings */ = {isa = PBXFileReference; lastKnownFileType = text.plist.strings; path = Localizable.strings; sourceTree = "<group>"; };
		73B572B824E131C2004A69D3 /* Texts.swift */ = {isa = PBXFileReference; lastKnownFileType = sourcecode.swift; path = Texts.swift; sourceTree = "<group>"; };
		73B572BB24E13DAA004A69D3 /* Images.swift */ = {isa = PBXFileReference; lastKnownFileType = sourcecode.swift; path = Images.swift; sourceTree = "<group>"; };
		73B572C624E14320004A69D3 /* UIViewController+Extension.swift */ = {isa = PBXFileReference; lastKnownFileType = sourcecode.swift; path = "UIViewController+Extension.swift"; sourceTree = "<group>"; };
		73C671BB24E12A1D00ACD1BF /* GoogleService-Info.plist */ = {isa = PBXFileReference; fileEncoding = 4; lastKnownFileType = text.plist.xml; name = "GoogleService-Info.plist"; path = "Shitpost/GoogleService-Info.plist"; sourceTree = "<group>"; };
		73CC2B5524E1494F005009F0 /* InputStyles.swift */ = {isa = PBXFileReference; lastKnownFileType = sourcecode.swift; path = InputStyles.swift; sourceTree = "<group>"; };
		73D0969524E2912400C0CBEA /* AuthAssembly.swift */ = {isa = PBXFileReference; lastKnownFileType = sourcecode.swift; path = AuthAssembly.swift; sourceTree = "<group>"; };
		73D0969824E294FD00C0CBEA /* Fonts.swift */ = {isa = PBXFileReference; lastKnownFileType = sourcecode.swift; path = Fonts.swift; sourceTree = "<group>"; };
		73D0969D24E29B7300C0CBEA /* AuthServiceProtocol.swift */ = {isa = PBXFileReference; lastKnownFileType = sourcecode.swift; path = AuthServiceProtocol.swift; sourceTree = "<group>"; };
		73D096A024E29B9600C0CBEA /* User.swift */ = {isa = PBXFileReference; lastKnownFileType = sourcecode.swift; path = User.swift; sourceTree = "<group>"; };
		73D096A224E29C2700C0CBEA /* AuthService.swift */ = {isa = PBXFileReference; lastKnownFileType = sourcecode.swift; path = AuthService.swift; sourceTree = "<group>"; };
		73D096A824E2AC8200C0CBEA /* AuthFormView.swift */ = {isa = PBXFileReference; lastKnownFileType = sourcecode.swift; path = AuthFormView.swift; sourceTree = "<group>"; };
		73D096AA24E2AE5A00C0CBEA /* AuthFormViewDelegate.swift */ = {isa = PBXFileReference; lastKnownFileType = sourcecode.swift; path = AuthFormViewDelegate.swift; sourceTree = "<group>"; };
		73D096AD24E2C2F900C0CBEA /* Identifiers.swift */ = {isa = PBXFileReference; lastKnownFileType = sourcecode.swift; path = Identifiers.swift; sourceTree = "<group>"; };
		73D096AF24E2C3DF00C0CBEA /* SignupViewController.swift */ = {isa = PBXFileReference; lastKnownFileType = sourcecode.swift; path = SignupViewController.swift; sourceTree = "<group>"; };
		AC8C46EBBC9F4F48E4B3FA0A /* Pods-ShitpostTests.debug.xcconfig */ = {isa = PBXFileReference; includeInIndex = 1; lastKnownFileType = text.xcconfig; name = "Pods-ShitpostTests.debug.xcconfig"; path = "Target Support Files/Pods-ShitpostTests/Pods-ShitpostTests.debug.xcconfig"; sourceTree = "<group>"; };
		AF809E77A31402EF207694E8 /* Pods-Shitpost.release.xcconfig */ = {isa = PBXFileReference; includeInIndex = 1; lastKnownFileType = text.xcconfig; name = "Pods-Shitpost.release.xcconfig"; path = "Target Support Files/Pods-Shitpost/Pods-Shitpost.release.xcconfig"; sourceTree = "<group>"; };
/* End PBXFileReference section */

/* Begin PBXFrameworksBuildPhase section */
		7301A60C24E11947002E9D64 /* Frameworks */ = {
			isa = PBXFrameworksBuildPhase;
			buildActionMask = 2147483647;
			files = (
				010B6504D89E50B92D22EEB3 /* Pods_Shitpost.framework in Frameworks */,
			);
			runOnlyForDeploymentPostprocessing = 0;
		};
		7301A62224E1194C002E9D64 /* Frameworks */ = {
			isa = PBXFrameworksBuildPhase;
			buildActionMask = 2147483647;
			files = (
				86A398AB869511D330113DE2 /* Pods_ShitpostTests.framework in Frameworks */,
			);
			runOnlyForDeploymentPostprocessing = 0;
		};
/* End PBXFrameworksBuildPhase section */

/* Begin PBXGroup section */
		148076386DFC0D62A84FDC28 /* Pods */ = {
			isa = PBXGroup;
			children = (
				2CF8801D4DCE645BFC33F13E /* Pods-Shitpost.debug.xcconfig */,
				AF809E77A31402EF207694E8 /* Pods-Shitpost.release.xcconfig */,
				AC8C46EBBC9F4F48E4B3FA0A /* Pods-ShitpostTests.debug.xcconfig */,
				72D9B632DB54F94119F71992 /* Pods-ShitpostTests.release.xcconfig */,
			);
			path = Pods;
			sourceTree = "<group>";
		};
		3AE45E6BCD9B9ED013573024 /* Frameworks */ = {
			isa = PBXGroup;
			children = (
				640340F7A7D7328FF01F12D1 /* Pods_Shitpost.framework */,
				31C2C4B906EEB41FFF3404A1 /* Pods_ShitpostTests.framework */,
			);
			name = Frameworks;
			sourceTree = "<group>";
		};
		7301A60624E11947002E9D64 = {
			isa = PBXGroup;
			children = (
				73C671BB24E12A1D00ACD1BF /* GoogleService-Info.plist */,
				7301A61124E11947002E9D64 /* Shitpost */,
				7301A62824E1194C002E9D64 /* ShitpostTests */,
				7301A61024E11947002E9D64 /* Products */,
				148076386DFC0D62A84FDC28 /* Pods */,
				3AE45E6BCD9B9ED013573024 /* Frameworks */,
			);
			sourceTree = "<group>";
		};
		7301A61024E11947002E9D64 /* Products */ = {
			isa = PBXGroup;
			children = (
				7301A60F24E11947002E9D64 /* Shitpost.app */,
				7301A62524E1194C002E9D64 /* ShitpostTests.xctest */,
			);
			name = Products;
			sourceTree = "<group>";
		};
		7301A61124E11947002E9D64 /* Shitpost */ = {
			isa = PBXGroup;
			children = (
				73B572C424E14307004A69D3 /* Common */,
				73B572B424E1310C004A69D3 /* Resources */,
				73C671BD24E12AC800ACD1BF /* Modules */,
				7301A61224E11947002E9D64 /* AppDelegate.swift */,
				7301A61424E11947002E9D64 /* SceneDelegate.swift */,
				7301A61B24E1194C002E9D64 /* Assets.xcassets */,
				7301A61D24E1194C002E9D64 /* LaunchScreen.storyboard */,
				7301A62024E1194C002E9D64 /* Info.plist */,
			);
			path = Shitpost;
			sourceTree = "<group>";
		};
		7301A62824E1194C002E9D64 /* ShitpostTests */ = {
			isa = PBXGroup;
			children = (
				7301A62924E1194C002E9D64 /* ShitpostTests.swift */,
				7301A62B24E1194C002E9D64 /* Info.plist */,
			);
			path = ShitpostTests;
			sourceTree = "<group>";
		};
		7309AED724E14FE800E2BF3A /* Views */ = {
			isa = PBXGroup;
			children = (
				73D096A724E2AC7200C0CBEA /* Auth */,
				7309AED824E14FF000E2BF3A /* Protocols */,
			);
			path = Views;
			sourceTree = "<group>";
		};
		7309AED824E14FF000E2BF3A /* Protocols */ = {
			isa = PBXGroup;
			children = (
				7309AEDA24E1501700E2BF3A /* KeyboardObservingControllerProtocol.swift */,
			);
			path = Protocols;
			sourceTree = "<group>";
		};
		73B572B424E1310C004A69D3 /* Resources */ = {
			isa = PBXGroup;
			children = (
				73D096AC24E2C2E100C0CBEA /* Identifiers */,
				73D0969724E294F300C0CBEA /* Font */,
				73CC2B5424E1493A005009F0 /* InputStyle */,
				73B572BA24E13D9F004A69D3 /* Image */,
				73B572B724E131B8004A69D3 /* Text */,
				73B572B524E13159004A69D3 /* Localizable.strings */,
			);
			path = Resources;
			sourceTree = "<group>";
		};
		73B572B724E131B8004A69D3 /* Text */ = {
			isa = PBXGroup;
			children = (
				73B572B824E131C2004A69D3 /* Texts.swift */,
			);
			path = Text;
			sourceTree = "<group>";
		};
		73B572BA24E13D9F004A69D3 /* Image */ = {
			isa = PBXGroup;
			children = (
				73B572BB24E13DAA004A69D3 /* Images.swift */,
			);
			path = Image;
			sourceTree = "<group>";
		};
		73B572C424E14307004A69D3 /* Common */ = {
			isa = PBXGroup;
			children = (
				73D0969F24E29B8700C0CBEA /* Entity */,
				73D0969B24E29B5000C0CBEA /* Service */,
				7309AED724E14FE800E2BF3A /* Views */,
				73B572C524E1430C004A69D3 /* Extensions */,
			);
			path = Common;
			sourceTree = "<group>";
		};
		73B572C524E1430C004A69D3 /* Extensions */ = {
			isa = PBXGroup;
			children = (
				73B572C624E14320004A69D3 /* UIViewController+Extension.swift */,
			);
			path = Extensions;
			sourceTree = "<group>";
		};
		73C671BD24E12AC800ACD1BF /* Modules */ = {
			isa = PBXGroup;
			children = (
				73D0969A24E29B4400C0CBEA /* SignUp */,
				73C671BE24E12AD700ACD1BF /* Auth */,
			);
			path = Modules;
			sourceTree = "<group>";
		};
		73C671BE24E12AD700ACD1BF /* Auth */ = {
			isa = PBXGroup;
			children = (
				73D0969024E1916E00C0CBEA /* Assembly */,
				73C671C224E12B1400ACD1BF /* ViewModel */,
				73C671C124E12B0F00ACD1BF /* Presenter */,
				73C671C024E12B0900ACD1BF /* Interactor */,
				73C671BF24E12B0200ACD1BF /* View */,
			);
			path = Auth;
			sourceTree = "<group>";
		};
		73C671BF24E12B0200ACD1BF /* View */ = {
			isa = PBXGroup;
			children = (
				7301A61624E11947002E9D64 /* AuthViewController.swift */,
				7309AEDC24E16D1C00E2BF3A /* AuthViewInput.swift */,
			);
			path = View;
			sourceTree = "<group>";
		};
		73C671C024E12B0900ACD1BF /* Interactor */ = {
			isa = PBXGroup;
			children = (
				7309AEDE24E16D8300E2BF3A /* AuthInteractorInput.swift */,
				7309AEE224E16DD500E2BF3A /* AuthInteractor.swift */,
			);
			path = Interactor;
			sourceTree = "<group>";
		};
		73C671C124E12B0F00ACD1BF /* Presenter */ = {
			isa = PBXGroup;
			children = (
				7309AEE424E16F9B00E2BF3A /* AuthPresenterInput.swift */,
				7309AEEA24E1709400E2BF3A /* AuthPresenter.swift */,
			);
			path = Presenter;
			sourceTree = "<group>";
		};
		73C671C224E12B1400ACD1BF /* ViewModel */ = {
			isa = PBXGroup;
			children = (
				7309AEE024E16D9000E2BF3A /* LoginRequest.swift */,
				7309AEE624E1700200E2BF3A /* LoginResponse.swift */,
				7309AEE824E1701500E2BF3A /* UserViewModel.swift */,
			);
			path = ViewModel;
			sourceTree = "<group>";
		};
		73CC2B5424E1493A005009F0 /* InputStyle */ = {
			isa = PBXGroup;
			children = (
				73CC2B5524E1494F005009F0 /* InputStyles.swift */,
			);
			path = InputStyle;
			sourceTree = "<group>";
		};
		73D0969024E1916E00C0CBEA /* Assembly */ = {
			isa = PBXGroup;
			children = (
				73D0969524E2912400C0CBEA /* AuthAssembly.swift */,
			);
			path = Assembly;
			sourceTree = "<group>";
		};
		73D0969724E294F300C0CBEA /* Font */ = {
			isa = PBXGroup;
			children = (
				73D0969824E294FD00C0CBEA /* Fonts.swift */,
			);
			path = Font;
			sourceTree = "<group>";
		};
		73D0969A24E29B4400C0CBEA /* SignUp */ = {
			isa = PBXGroup;
			children = (
				73D096A624E2AC3C00C0CBEA /* Presenter */,
				73D096A524E2AC3700C0CBEA /* Interactor */,
				73D096A424E2AC3100C0CBEA /* View */,
			);
			path = SignUp;
			sourceTree = "<group>";
		};
		73D0969B24E29B5000C0CBEA /* Service */ = {
			isa = PBXGroup;
			children = (
				73D0969C24E29B5A00C0CBEA /* Auth */,
			);
			path = Service;
			sourceTree = "<group>";
		};
		73D0969C24E29B5A00C0CBEA /* Auth */ = {
			isa = PBXGroup;
			children = (
				73D0969D24E29B7300C0CBEA /* AuthServiceProtocol.swift */,
				73D096A224E29C2700C0CBEA /* AuthService.swift */,
			);
			path = Auth;
			sourceTree = "<group>";
		};
		73D0969F24E29B8700C0CBEA /* Entity */ = {
			isa = PBXGroup;
			children = (
				73D096A024E29B9600C0CBEA /* User.swift */,
			);
			path = Entity;
			sourceTree = "<group>";
		};
		73D096A424E2AC3100C0CBEA /* View */ = {
			isa = PBXGroup;
			children = (
				73D096AF24E2C3DF00C0CBEA /* SignupViewController.swift */,
			);
			path = View;
			sourceTree = "<group>";
		};
		73D096A524E2AC3700C0CBEA /* Interactor */ = {
			isa = PBXGroup;
			children = (
			);
			path = Interactor;
			sourceTree = "<group>";
		};
		73D096A624E2AC3C00C0CBEA /* Presenter */ = {
			isa = PBXGroup;
			children = (
			);
			path = Presenter;
			sourceTree = "<group>";
		};
		73D096A724E2AC7200C0CBEA /* Auth */ = {
			isa = PBXGroup;
			children = (
				73D096A824E2AC8200C0CBEA /* AuthFormView.swift */,
				73D096AA24E2AE5A00C0CBEA /* AuthFormViewDelegate.swift */,
			);
			path = Auth;
			sourceTree = "<group>";
		};
		73D096AC24E2C2E100C0CBEA /* Identifiers */ = {
			isa = PBXGroup;
			children = (
				73D096AD24E2C2F900C0CBEA /* Identifiers.swift */,
			);
			path = Identifiers;
			sourceTree = "<group>";
		};
/* End PBXGroup section */

/* Begin PBXNativeTarget section */
		7301A60E24E11947002E9D64 /* Shitpost */ = {
			isa = PBXNativeTarget;
			buildConfigurationList = 7301A62E24E1194C002E9D64 /* Build configuration list for PBXNativeTarget "Shitpost" */;
			buildPhases = (
				483F21C75174314C67D793C4 /* [CP] Check Pods Manifest.lock */,
				7301A60B24E11947002E9D64 /* Sources */,
				7301A60C24E11947002E9D64 /* Frameworks */,
				7301A60D24E11947002E9D64 /* Resources */,
				3A3210465EF9B3F1EBE70545 /* [CP] Embed Pods Frameworks */,
			);
			buildRules = (
			);
			dependencies = (
			);
			name = Shitpost;
			productName = Shitpost;
			productReference = 7301A60F24E11947002E9D64 /* Shitpost.app */;
			productType = "com.apple.product-type.application";
		};
		7301A62424E1194C002E9D64 /* ShitpostTests */ = {
			isa = PBXNativeTarget;
			buildConfigurationList = 7301A63124E1194C002E9D64 /* Build configuration list for PBXNativeTarget "ShitpostTests" */;
			buildPhases = (
				B6E9C7D3BA61E1AE4EFADE77 /* [CP] Check Pods Manifest.lock */,
				7301A62124E1194C002E9D64 /* Sources */,
				7301A62224E1194C002E9D64 /* Frameworks */,
				7301A62324E1194C002E9D64 /* Resources */,
			);
			buildRules = (
			);
			dependencies = (
				7301A62724E1194C002E9D64 /* PBXTargetDependency */,
			);
			name = ShitpostTests;
			productName = ShitpostTests;
			productReference = 7301A62524E1194C002E9D64 /* ShitpostTests.xctest */;
			productType = "com.apple.product-type.bundle.unit-test";
		};
/* End PBXNativeTarget section */

/* Begin PBXProject section */
		7301A60724E11947002E9D64 /* Project object */ = {
			isa = PBXProject;
			attributes = {
				LastSwiftUpdateCheck = 1160;
				LastUpgradeCheck = 1160;
				ORGANIZATIONNAME = Enoxus;
				TargetAttributes = {
					7301A60E24E11947002E9D64 = {
						CreatedOnToolsVersion = 11.6;
					};
					7301A62424E1194C002E9D64 = {
						CreatedOnToolsVersion = 11.6;
						TestTargetID = 7301A60E24E11947002E9D64;
					};
				};
			};
			buildConfigurationList = 7301A60A24E11947002E9D64 /* Build configuration list for PBXProject "Shitpost" */;
			compatibilityVersion = "Xcode 9.3";
			developmentRegion = en;
			hasScannedForEncodings = 0;
			knownRegions = (
				en,
				Base,
			);
			mainGroup = 7301A60624E11947002E9D64;
			productRefGroup = 7301A61024E11947002E9D64 /* Products */;
			projectDirPath = "";
			projectRoot = "";
			targets = (
				7301A60E24E11947002E9D64 /* Shitpost */,
				7301A62424E1194C002E9D64 /* ShitpostTests */,
			);
		};
/* End PBXProject section */

/* Begin PBXResourcesBuildPhase section */
		7301A60D24E11947002E9D64 /* Resources */ = {
			isa = PBXResourcesBuildPhase;
			buildActionMask = 2147483647;
			files = (
				7301A61F24E1194C002E9D64 /* LaunchScreen.storyboard in Resources */,
				73B572B624E13159004A69D3 /* Localizable.strings in Resources */,
				73C671BC24E12A1D00ACD1BF /* GoogleService-Info.plist in Resources */,
				7301A61C24E1194C002E9D64 /* Assets.xcassets in Resources */,
			);
			runOnlyForDeploymentPostprocessing = 0;
		};
		7301A62324E1194C002E9D64 /* Resources */ = {
			isa = PBXResourcesBuildPhase;
			buildActionMask = 2147483647;
			files = (
			);
			runOnlyForDeploymentPostprocessing = 0;
		};
/* End PBXResourcesBuildPhase section */

/* Begin PBXShellScriptBuildPhase section */
		3A3210465EF9B3F1EBE70545 /* [CP] Embed Pods Frameworks */ = {
			isa = PBXShellScriptBuildPhase;
			buildActionMask = 2147483647;
			files = (
			);
			inputFileListPaths = (
				"${PODS_ROOT}/Target Support Files/Pods-Shitpost/Pods-Shitpost-frameworks-${CONFIGURATION}-input-files.xcfilelist",
			);
			name = "[CP] Embed Pods Frameworks";
			outputFileListPaths = (
				"${PODS_ROOT}/Target Support Files/Pods-Shitpost/Pods-Shitpost-frameworks-${CONFIGURATION}-output-files.xcfilelist",
			);
			runOnlyForDeploymentPostprocessing = 0;
			shellPath = /bin/sh;
			shellScript = "\"${PODS_ROOT}/Target Support Files/Pods-Shitpost/Pods-Shitpost-frameworks.sh\"\n";
			showEnvVarsInLog = 0;
		};
		483F21C75174314C67D793C4 /* [CP] Check Pods Manifest.lock */ = {
			isa = PBXShellScriptBuildPhase;
			buildActionMask = 2147483647;
			files = (
			);
			inputFileListPaths = (
			);
			inputPaths = (
				"${PODS_PODFILE_DIR_PATH}/Podfile.lock",
				"${PODS_ROOT}/Manifest.lock",
			);
			name = "[CP] Check Pods Manifest.lock";
			outputFileListPaths = (
			);
			outputPaths = (
				"$(DERIVED_FILE_DIR)/Pods-Shitpost-checkManifestLockResult.txt",
			);
			runOnlyForDeploymentPostprocessing = 0;
			shellPath = /bin/sh;
			shellScript = "diff \"${PODS_PODFILE_DIR_PATH}/Podfile.lock\" \"${PODS_ROOT}/Manifest.lock\" > /dev/null\nif [ $? != 0 ] ; then\n    # print error to STDERR\n    echo \"error: The sandbox is not in sync with the Podfile.lock. Run 'pod install' or update your CocoaPods installation.\" >&2\n    exit 1\nfi\n# This output is used by Xcode 'outputs' to avoid re-running this script phase.\necho \"SUCCESS\" > \"${SCRIPT_OUTPUT_FILE_0}\"\n";
			showEnvVarsInLog = 0;
		};
		B6E9C7D3BA61E1AE4EFADE77 /* [CP] Check Pods Manifest.lock */ = {
			isa = PBXShellScriptBuildPhase;
			buildActionMask = 2147483647;
			files = (
			);
			inputFileListPaths = (
			);
			inputPaths = (
				"${PODS_PODFILE_DIR_PATH}/Podfile.lock",
				"${PODS_ROOT}/Manifest.lock",
			);
			name = "[CP] Check Pods Manifest.lock";
			outputFileListPaths = (
			);
			outputPaths = (
				"$(DERIVED_FILE_DIR)/Pods-ShitpostTests-checkManifestLockResult.txt",
			);
			runOnlyForDeploymentPostprocessing = 0;
			shellPath = /bin/sh;
			shellScript = "diff \"${PODS_PODFILE_DIR_PATH}/Podfile.lock\" \"${PODS_ROOT}/Manifest.lock\" > /dev/null\nif [ $? != 0 ] ; then\n    # print error to STDERR\n    echo \"error: The sandbox is not in sync with the Podfile.lock. Run 'pod install' or update your CocoaPods installation.\" >&2\n    exit 1\nfi\n# This output is used by Xcode 'outputs' to avoid re-running this script phase.\necho \"SUCCESS\" > \"${SCRIPT_OUTPUT_FILE_0}\"\n";
			showEnvVarsInLog = 0;
		};
/* End PBXShellScriptBuildPhase section */

/* Begin PBXSourcesBuildPhase section */
		7301A60B24E11947002E9D64 /* Sources */ = {
			isa = PBXSourcesBuildPhase;
			buildActionMask = 2147483647;
			files = (
				7309AEDB24E1501700E2BF3A /* KeyboardObservingControllerProtocol.swift in Sources */,
				7309AEEB24E1709400E2BF3A /* AuthPresenter.swift in Sources */,
				73CC2B5624E1494F005009F0 /* InputStyles.swift in Sources */,
				73D0969E24E29B7300C0CBEA /* AuthServiceProtocol.swift in Sources */,
				7301A61724E11947002E9D64 /* AuthViewController.swift in Sources */,
				7309AEE124E16D9000E2BF3A /* LoginRequest.swift in Sources */,
				73D096A324E29C2700C0CBEA /* AuthService.swift in Sources */,
				73D0969624E2912400C0CBEA /* AuthAssembly.swift in Sources */,
				7309AEDF24E16D8300E2BF3A /* AuthInteractorInput.swift in Sources */,
				73D096A124E29B9600C0CBEA /* User.swift in Sources */,
				73D096AE24E2C2F900C0CBEA /* Identifiers.swift in Sources */,
				7309AEE324E16DD500E2BF3A /* AuthInteractor.swift in Sources */,
				7301A61324E11947002E9D64 /* AppDelegate.swift in Sources */,
				73B572BC24E13DAA004A69D3 /* Images.swift in Sources */,
				7309AEE924E1701500E2BF3A /* UserViewModel.swift in Sources */,
				73D096A924E2AC8200C0CBEA /* AuthFormView.swift in Sources */,
				73B572C724E14321004A69D3 /* UIViewController+Extension.swift in Sources */,
				73D096AB24E2AE5A00C0CBEA /* AuthFormViewDelegate.swift in Sources */,
				7309AEDD24E16D1C00E2BF3A /* AuthViewInput.swift in Sources */,
				7309AEE524E16F9B00E2BF3A /* AuthPresenterInput.swift in Sources */,
				73B572B924E131C2004A69D3 /* Texts.swift in Sources */,
				7301A61524E11947002E9D64 /* SceneDelegate.swift in Sources */,
				73D096B024E2C3DF00C0CBEA /* SignupViewController.swift in Sources */,
				73D0969924E294FD00C0CBEA /* Fonts.swift in Sources */,
				7309AEE724E1700200E2BF3A /* LoginResponse.swift in Sources */,
			);
			runOnlyForDeploymentPostprocessing = 0;
		};
		7301A62124E1194C002E9D64 /* Sources */ = {
			isa = PBXSourcesBuildPhase;
			buildActionMask = 2147483647;
			files = (
				7301A62A24E1194C002E9D64 /* ShitpostTests.swift in Sources */,
			);
			runOnlyForDeploymentPostprocessing = 0;
		};
/* End PBXSourcesBuildPhase section */

/* Begin PBXTargetDependency section */
		7301A62724E1194C002E9D64 /* PBXTargetDependency */ = {
			isa = PBXTargetDependency;
			target = 7301A60E24E11947002E9D64 /* Shitpost */;
			targetProxy = 7301A62624E1194C002E9D64 /* PBXContainerItemProxy */;
		};
/* End PBXTargetDependency section */

/* Begin PBXVariantGroup section */
		7301A61D24E1194C002E9D64 /* LaunchScreen.storyboard */ = {
			isa = PBXVariantGroup;
			children = (
				7301A61E24E1194C002E9D64 /* Base */,
			);
			name = LaunchScreen.storyboard;
			sourceTree = "<group>";
		};
/* End PBXVariantGroup section */

/* Begin XCBuildConfiguration section */
		7301A62C24E1194C002E9D64 /* Debug */ = {
			isa = XCBuildConfiguration;
			buildSettings = {
				ALWAYS_SEARCH_USER_PATHS = NO;
				CLANG_ANALYZER_NONNULL = YES;
				CLANG_ANALYZER_NUMBER_OBJECT_CONVERSION = YES_AGGRESSIVE;
				CLANG_CXX_LANGUAGE_STANDARD = "gnu++14";
				CLANG_CXX_LIBRARY = "libc++";
				CLANG_ENABLE_MODULES = YES;
				CLANG_ENABLE_OBJC_ARC = YES;
				CLANG_ENABLE_OBJC_WEAK = YES;
				CLANG_WARN_BLOCK_CAPTURE_AUTORELEASING = YES;
				CLANG_WARN_BOOL_CONVERSION = YES;
				CLANG_WARN_COMMA = YES;
				CLANG_WARN_CONSTANT_CONVERSION = YES;
				CLANG_WARN_DEPRECATED_OBJC_IMPLEMENTATIONS = YES;
				CLANG_WARN_DIRECT_OBJC_ISA_USAGE = YES_ERROR;
				CLANG_WARN_DOCUMENTATION_COMMENTS = YES;
				CLANG_WARN_EMPTY_BODY = YES;
				CLANG_WARN_ENUM_CONVERSION = YES;
				CLANG_WARN_INFINITE_RECURSION = YES;
				CLANG_WARN_INT_CONVERSION = YES;
				CLANG_WARN_NON_LITERAL_NULL_CONVERSION = YES;
				CLANG_WARN_OBJC_IMPLICIT_RETAIN_SELF = YES;
				CLANG_WARN_OBJC_LITERAL_CONVERSION = YES;
				CLANG_WARN_OBJC_ROOT_CLASS = YES_ERROR;
				CLANG_WARN_RANGE_LOOP_ANALYSIS = YES;
				CLANG_WARN_STRICT_PROTOTYPES = YES;
				CLANG_WARN_SUSPICIOUS_MOVE = YES;
				CLANG_WARN_UNGUARDED_AVAILABILITY = YES_AGGRESSIVE;
				CLANG_WARN_UNREACHABLE_CODE = YES;
				CLANG_WARN__DUPLICATE_METHOD_MATCH = YES;
				COPY_PHASE_STRIP = NO;
				DEBUG_INFORMATION_FORMAT = dwarf;
				ENABLE_STRICT_OBJC_MSGSEND = YES;
				ENABLE_TESTABILITY = YES;
				GCC_C_LANGUAGE_STANDARD = gnu11;
				GCC_DYNAMIC_NO_PIC = NO;
				GCC_NO_COMMON_BLOCKS = YES;
				GCC_OPTIMIZATION_LEVEL = 0;
				GCC_PREPROCESSOR_DEFINITIONS = (
					"DEBUG=1",
					"$(inherited)",
				);
				GCC_WARN_64_TO_32_BIT_CONVERSION = YES;
				GCC_WARN_ABOUT_RETURN_TYPE = YES_ERROR;
				GCC_WARN_UNDECLARED_SELECTOR = YES;
				GCC_WARN_UNINITIALIZED_AUTOS = YES_AGGRESSIVE;
				GCC_WARN_UNUSED_FUNCTION = YES;
				GCC_WARN_UNUSED_VARIABLE = YES;
				IPHONEOS_DEPLOYMENT_TARGET = 13.6;
				MTL_ENABLE_DEBUG_INFO = INCLUDE_SOURCE;
				MTL_FAST_MATH = YES;
				ONLY_ACTIVE_ARCH = YES;
				SDKROOT = iphoneos;
				SWIFT_ACTIVE_COMPILATION_CONDITIONS = DEBUG;
				SWIFT_OPTIMIZATION_LEVEL = "-Onone";
			};
			name = Debug;
		};
		7301A62D24E1194C002E9D64 /* Release */ = {
			isa = XCBuildConfiguration;
			buildSettings = {
				ALWAYS_SEARCH_USER_PATHS = NO;
				CLANG_ANALYZER_NONNULL = YES;
				CLANG_ANALYZER_NUMBER_OBJECT_CONVERSION = YES_AGGRESSIVE;
				CLANG_CXX_LANGUAGE_STANDARD = "gnu++14";
				CLANG_CXX_LIBRARY = "libc++";
				CLANG_ENABLE_MODULES = YES;
				CLANG_ENABLE_OBJC_ARC = YES;
				CLANG_ENABLE_OBJC_WEAK = YES;
				CLANG_WARN_BLOCK_CAPTURE_AUTORELEASING = YES;
				CLANG_WARN_BOOL_CONVERSION = YES;
				CLANG_WARN_COMMA = YES;
				CLANG_WARN_CONSTANT_CONVERSION = YES;
				CLANG_WARN_DEPRECATED_OBJC_IMPLEMENTATIONS = YES;
				CLANG_WARN_DIRECT_OBJC_ISA_USAGE = YES_ERROR;
				CLANG_WARN_DOCUMENTATION_COMMENTS = YES;
				CLANG_WARN_EMPTY_BODY = YES;
				CLANG_WARN_ENUM_CONVERSION = YES;
				CLANG_WARN_INFINITE_RECURSION = YES;
				CLANG_WARN_INT_CONVERSION = YES;
				CLANG_WARN_NON_LITERAL_NULL_CONVERSION = YES;
				CLANG_WARN_OBJC_IMPLICIT_RETAIN_SELF = YES;
				CLANG_WARN_OBJC_LITERAL_CONVERSION = YES;
				CLANG_WARN_OBJC_ROOT_CLASS = YES_ERROR;
				CLANG_WARN_RANGE_LOOP_ANALYSIS = YES;
				CLANG_WARN_STRICT_PROTOTYPES = YES;
				CLANG_WARN_SUSPICIOUS_MOVE = YES;
				CLANG_WARN_UNGUARDED_AVAILABILITY = YES_AGGRESSIVE;
				CLANG_WARN_UNREACHABLE_CODE = YES;
				CLANG_WARN__DUPLICATE_METHOD_MATCH = YES;
				COPY_PHASE_STRIP = NO;
				DEBUG_INFORMATION_FORMAT = "dwarf-with-dsym";
				ENABLE_NS_ASSERTIONS = NO;
				ENABLE_STRICT_OBJC_MSGSEND = YES;
				GCC_C_LANGUAGE_STANDARD = gnu11;
				GCC_NO_COMMON_BLOCKS = YES;
				GCC_WARN_64_TO_32_BIT_CONVERSION = YES;
				GCC_WARN_ABOUT_RETURN_TYPE = YES_ERROR;
				GCC_WARN_UNDECLARED_SELECTOR = YES;
				GCC_WARN_UNINITIALIZED_AUTOS = YES_AGGRESSIVE;
				GCC_WARN_UNUSED_FUNCTION = YES;
				GCC_WARN_UNUSED_VARIABLE = YES;
				IPHONEOS_DEPLOYMENT_TARGET = 13.6;
				MTL_ENABLE_DEBUG_INFO = NO;
				MTL_FAST_MATH = YES;
				SDKROOT = iphoneos;
				SWIFT_COMPILATION_MODE = wholemodule;
				SWIFT_OPTIMIZATION_LEVEL = "-O";
				VALIDATE_PRODUCT = YES;
			};
			name = Release;
		};
		7301A62F24E1194C002E9D64 /* Debug */ = {
			isa = XCBuildConfiguration;
			baseConfigurationReference = 2CF8801D4DCE645BFC33F13E /* Pods-Shitpost.debug.xcconfig */;
			buildSettings = {
				ASSETCATALOG_COMPILER_APPICON_NAME = AppIcon;
				CODE_SIGN_STYLE = Automatic;
				DEVELOPMENT_TEAM = 593ZV4B3B7;
				INFOPLIST_FILE = Shitpost/Info.plist;
				LD_RUNPATH_SEARCH_PATHS = (
					"$(inherited)",
					"@executable_path/Frameworks",
				);
				PRODUCT_BUNDLE_IDENTIFIER = com.enoxus.Shitpost;
				PRODUCT_NAME = "$(TARGET_NAME)";
				SWIFT_VERSION = 5.0;
				TARGETED_DEVICE_FAMILY = "1,2";
			};
			name = Debug;
		};
		7301A63024E1194C002E9D64 /* Release */ = {
			isa = XCBuildConfiguration;
			baseConfigurationReference = AF809E77A31402EF207694E8 /* Pods-Shitpost.release.xcconfig */;
			buildSettings = {
				ASSETCATALOG_COMPILER_APPICON_NAME = AppIcon;
				CODE_SIGN_STYLE = Automatic;
				DEVELOPMENT_TEAM = 593ZV4B3B7;
				INFOPLIST_FILE = Shitpost/Info.plist;
				LD_RUNPATH_SEARCH_PATHS = (
					"$(inherited)",
					"@executable_path/Frameworks",
				);
				PRODUCT_BUNDLE_IDENTIFIER = com.enoxus.Shitpost;
				PRODUCT_NAME = "$(TARGET_NAME)";
				SWIFT_VERSION = 5.0;
				TARGETED_DEVICE_FAMILY = "1,2";
			};
			name = Release;
		};
		7301A63224E1194C002E9D64 /* Debug */ = {
			isa = XCBuildConfiguration;
			baseConfigurationReference = AC8C46EBBC9F4F48E4B3FA0A /* Pods-ShitpostTests.debug.xcconfig */;
			buildSettings = {
				ALWAYS_EMBED_SWIFT_STANDARD_LIBRARIES = YES;
				BUNDLE_LOADER = "$(TEST_HOST)";
				CODE_SIGN_STYLE = Automatic;
				DEVELOPMENT_TEAM = 593ZV4B3B7;
				INFOPLIST_FILE = ShitpostTests/Info.plist;
				IPHONEOS_DEPLOYMENT_TARGET = 13.6;
				LD_RUNPATH_SEARCH_PATHS = (
					"$(inherited)",
					"@executable_path/Frameworks",
					"@loader_path/Frameworks",
				);
				PRODUCT_BUNDLE_IDENTIFIER = com.enoxus.ShitpostTests;
				PRODUCT_NAME = "$(TARGET_NAME)";
				SWIFT_VERSION = 5.0;
				TARGETED_DEVICE_FAMILY = "1,2";
				TEST_HOST = "$(BUILT_PRODUCTS_DIR)/Shitpost.app/Shitpost";
			};
			name = Debug;
		};
		7301A63324E1194C002E9D64 /* Release */ = {
			isa = XCBuildConfiguration;
			baseConfigurationReference = 72D9B632DB54F94119F71992 /* Pods-ShitpostTests.release.xcconfig */;
			buildSettings = {
				ALWAYS_EMBED_SWIFT_STANDARD_LIBRARIES = YES;
				BUNDLE_LOADER = "$(TEST_HOST)";
				CODE_SIGN_STYLE = Automatic;
				DEVELOPMENT_TEAM = 593ZV4B3B7;
				INFOPLIST_FILE = ShitpostTests/Info.plist;
				IPHONEOS_DEPLOYMENT_TARGET = 13.6;
				LD_RUNPATH_SEARCH_PATHS = (
					"$(inherited)",
					"@executable_path/Frameworks",
					"@loader_path/Frameworks",
				);
				PRODUCT_BUNDLE_IDENTIFIER = com.enoxus.ShitpostTests;
				PRODUCT_NAME = "$(TARGET_NAME)";
				SWIFT_VERSION = 5.0;
				TARGETED_DEVICE_FAMILY = "1,2";
				TEST_HOST = "$(BUILT_PRODUCTS_DIR)/Shitpost.app/Shitpost";
			};
			name = Release;
		};
/* End XCBuildConfiguration section */

/* Begin XCConfigurationList section */
		7301A60A24E11947002E9D64 /* Build configuration list for PBXProject "Shitpost" */ = {
			isa = XCConfigurationList;
			buildConfigurations = (
				7301A62C24E1194C002E9D64 /* Debug */,
				7301A62D24E1194C002E9D64 /* Release */,
			);
			defaultConfigurationIsVisible = 0;
			defaultConfigurationName = Release;
		};
		7301A62E24E1194C002E9D64 /* Build configuration list for PBXNativeTarget "Shitpost" */ = {
			isa = XCConfigurationList;
			buildConfigurations = (
				7301A62F24E1194C002E9D64 /* Debug */,
				7301A63024E1194C002E9D64 /* Release */,
			);
			defaultConfigurationIsVisible = 0;
			defaultConfigurationName = Release;
		};
		7301A63124E1194C002E9D64 /* Build configuration list for PBXNativeTarget "ShitpostTests" */ = {
			isa = XCConfigurationList;
			buildConfigurations = (
				7301A63224E1194C002E9D64 /* Debug */,
				7301A63324E1194C002E9D64 /* Release */,
			);
			defaultConfigurationIsVisible = 0;
			defaultConfigurationName = Release;
		};
/* End XCConfigurationList section */
	};
	rootObject = 7301A60724E11947002E9D64 /* Project object */;
}
